
Microsoft Visual Studio Solution File, Format Version 12.00
# Visual Studio 15
VisualStudioVersion = 15.0.27130.2020
MinimumVisualStudioVersion = 10.0.40219.1
Project("{FAE04EC0-301F-11D3-BF4B-00C04F79EFBC}") = "WPFeyes", "WPFeyes\WPFeyes.csproj", "{FAB62F2C-5D2B-4776-8CFC-6889429F2D6E}"
EndProject
Global
	GlobalSection(SolutionConfigurationPlatforms) = preSolution
		Debug|Any CPU = Debug|Any CPU
		Release|Any CPU = Release|Any CPU
	EndGlobalSection
	GlobalSection(ProjectConfigurationPlatforms) = postSolution
		{FAB62F2C-5D2B-4776-8CFC-6889429F2D6E}.Debug|Any CPU.ActiveCfg = Debug|Any CPU
		{FAB62F2C-5D2B-4776-8CFC-6889429F2D6E}.Debug|Any CPU.Build.0 = Debug|Any CPU
		{FAB62F2C-5D2B-4776-8CFC-6889429F2D6E}.Release|Any CPU.ActiveCfg = Release|Any CPU
		{FAB62F2C-5D2B-4776-8CFC-6889429F2D6E}.Release|Any CPU.Build.0 = Release|Any CPU
	EndGlobalSection
	GlobalSection(SolutionProperties) = preSolution
		HideSolutionNode = FALSE
	EndGlobalSection
	GlobalSection(ExtensibilityGlobals) = postSolution
		SolutionGuid = {12C7BAF1-F779-4DF7-B4CC-5E32BACDE89B}
	EndGlobalSection
EndGlobal
